
Microsoft Visual Studio Solution File, Format Version 12.00
# Visual Studio 14
VisualStudioVersion = 14.0.24720.0
MinimumVisualStudioVersion = 10.0.40219.1
Project("{FAE04EC0-301F-11D3-BF4B-00C04F79EFBC}") = "Akka.Configuration", "Akka.Configuration.csproj", "{62374609-2FAF-47CB-8AEE-94D4A455D02D}"
EndProject
Project("{FAE04EC0-301F-11D3-BF4B-00C04F79EFBC}") = "Akka.Configuration.Tests", "..\Akka.Configuration.Tests\Akka.Configuration.Tests.csproj", "{3FF224B3-3217-428E-AE23-694AED1CCD97}"
EndProject
Global
	GlobalSection(SolutionConfigurationPlatforms) = preSolution
		Debug|Any CPU = Debug|Any CPU
		Release|Any CPU = Release|Any CPU
	EndGlobalSection
	GlobalSection(ProjectConfigurationPlatforms) = postSolution
		{62374609-2FAF-47CB-8AEE-94D4A455D02D}.Debug|Any CPU.ActiveCfg = Debug|Any CPU
		{62374609-2FAF-47CB-8AEE-94D4A455D02D}.Debug|Any CPU.Build.0 = Debug|Any CPU
		{62374609-2FAF-47CB-8AEE-94D4A455D02D}.Release|Any CPU.ActiveCfg = Release|Any CPU
		{62374609-2FAF-47CB-8AEE-94D4A455D02D}.Release|Any CPU.Build.0 = Release|Any CPU
		{3FF224B3-3217-428E-AE23-694AED1CCD97}.Debug|Any CPU.ActiveCfg = Debug|Any CPU
		{3FF224B3-3217-428E-AE23-694AED1CCD97}.Debug|Any CPU.Build.0 = Debug|Any CPU
		{3FF224B3-3217-428E-AE23-694AED1CCD97}.Release|Any CPU.ActiveCfg = Release|Any CPU
		{3FF224B3-3217-428E-AE23-694AED1CCD97}.Release|Any CPU.Build.0 = Release|Any CPU
	EndGlobalSection
	GlobalSection(SolutionProperties) = preSolution
		HideSolutionNode = FALSE
	EndGlobalSection
EndGlobal
